// !$*UTF8*$!
{
	archiveVersion = 1;
	classes = {
	};
	objectVersion = 55;
	objects = {

/* Begin PBXBuildFile section */
		9B80F4F32984BC6E008E86D4 /* AppDelegate.m in Sources */ = {isa = PBXBuildFile; fileRef = 9B80F4F22984BC6E008E86D4 /* AppDelegate.m */; };
		9B80F4F62984BC6E008E86D4 /* SceneDelegate.m in Sources */ = {isa = PBXBuildFile; fileRef = 9B80F4F52984BC6E008E86D4 /* SceneDelegate.m */; };
		9B80F4F92984BC6E008E86D4 /* ViewController.m in Sources */ = {isa = PBXBuildFile; fileRef = 9B80F4F82984BC6E008E86D4 /* ViewController.m */; };
		9B80F4FC2984BC6E008E86D4 /* Main.storyboard in Resources */ = {isa = PBXBuildFile; fileRef = 9B80F4FA2984BC6E008E86D4 /* Main.storyboard */; };
		9B80F4FE2984BC6F008E86D4 /* Assets.xcassets in Resources */ = {isa = PBXBuildFile; fileRef = 9B80F4FD2984BC6F008E86D4 /* Assets.xcassets */; };
		9B80F5012984BC6F008E86D4 /* LaunchScreen.storyboard in Resources */ = {isa = PBXBuildFile; fileRef = 9B80F4FF2984BC6F008E86D4 /* LaunchScreen.storyboard */; };
		9B80F5042984BC6F008E86D4 /* main.m in Sources */ = {isa = PBXBuildFile; fileRef = 9B80F5032984BC6F008E86D4 /* main.m */; };
		9B80F50C2984BD47008E86D4 /* LineLogin.swift in Sources */ = {isa = PBXBuildFile; fileRef = 9B80F50B2984BD47008E86D4 /* LineLogin.swift */; };
		B088D48213D74F4AB3A9B2F2 /* Pods_LineLogin.framework in Frameworks */ = {isa = PBXBuildFile; fileRef = 5D04A661C7A1916F593BE43D /* Pods_LineLogin.framework */; };
/* End PBXBuildFile section */

/* Begin PBXFileReference section */
		098DA2ABA536B2D7869A29E0 /* Pods-LineLogin.debug.xcconfig */ = {isa = PBXFileReference; includeInIndex = 1; lastKnownFileType = text.xcconfig; name = "Pods-LineLogin.debug.xcconfig"; path = "Target Support Files/Pods-LineLogin/Pods-LineLogin.debug.xcconfig"; sourceTree = "<group>"; };
		5D04A661C7A1916F593BE43D /* Pods_LineLogin.framework */ = {isa = PBXFileReference; explicitFileType = wrapper.framework; includeInIndex = 0; path = Pods_LineLogin.framework; sourceTree = BUILT_PRODUCTS_DIR; };
		7B0A644C3B36D88C5B0A2C9F /* Pods-LineLogin.release.xcconfig */ = {isa = PBXFileReference; includeInIndex = 1; lastKnownFileType = text.xcconfig; name = "Pods-LineLogin.release.xcconfig"; path = "Target Support Files/Pods-LineLogin/Pods-LineLogin.release.xcconfig"; sourceTree = "<group>"; };
		9B80F4EE2984BC6E008E86D4 /* LineLogin.app */ = {isa = PBXFileReference; explicitFileType = wrapper.application; includeInIndex = 0; path = LineLogin.app; sourceTree = BUILT_PRODUCTS_DIR; };
		9B80F4F12984BC6E008E86D4 /* AppDelegate.h */ = {isa = PBXFileReference; lastKnownFileType = sourcecode.c.h; path = AppDelegate.h; sourceTree = "<group>"; };
		9B80F4F22984BC6E008E86D4 /* AppDelegate.m */ = {isa = PBXFileReference; lastKnownFileType = sourcecode.c.objc; path = AppDelegate.m; sourceTree = "<group>"; };
		9B80F4F42984BC6E008E86D4 /* SceneDelegate.h */ = {isa = PBXFileReference; lastKnownFileType = sourcecode.c.h; path = SceneDelegate.h; sourceTree = "<group>"; };
		9B80F4F52984BC6E008E86D4 /* SceneDelegate.m */ = {isa = PBXFileReference; lastKnownFileType = sourcecode.c.objc; path = SceneDelegate.m; sourceTree = "<group>"; };
		9B80F4F72984BC6E008E86D4 /* ViewController.h */ = {isa = PBXFileReference; lastKnownFileType = sourcecode.c.h; path = ViewController.h; sourceTree = "<group>"; };
		9B80F4F82984BC6E008E86D4 /* ViewController.m */ = {isa = PBXFileReference; lastKnownFileType = sourcecode.c.objc; path = ViewController.m; sourceTree = "<group>"; };
		9B80F4FB2984BC6E008E86D4 /* Base */ = {isa = PBXFileReference; lastKnownFileType = file.storyboard; name = Base; path = Base.lproj/Main.storyboard; sourceTree = "<group>"; };
		9B80F4FD2984BC6F008E86D4 /* Assets.xcassets */ = {isa = PBXFileReference; lastKnownFileType = folder.assetcatalog; path = Assets.xcassets; sourceTree = "<group>"; };
		9B80F5002984BC6F008E86D4 /* Base */ = {isa = PBXFileReference; lastKnownFileType = file.storyboard; name = Base; path = Base.lproj/LaunchScreen.storyboard; sourceTree = "<group>"; };
		9B80F5022984BC6F008E86D4 /* Info.plist */ = {isa = PBXFileReference; lastKnownFileType = text.plist.xml; path = Info.plist; sourceTree = "<group>"; };
		9B80F5032984BC6F008E86D4 /* main.m */ = {isa = PBXFileReference; lastKnownFileType = sourcecode.c.objc; path = main.m; sourceTree = "<group>"; };
		9B80F50A2984BD47008E86D4 /* LineLogin-Bridging-Header.h */ = {isa = PBXFileReference; lastKnownFileType = sourcecode.c.h; path = "LineLogin-Bridging-Header.h"; sourceTree = "<group>"; };
		9B80F50B2984BD47008E86D4 /* LineLogin.swift */ = {isa = PBXFileReference; lastKnownFileType = sourcecode.swift; path = LineLogin.swift; sourceTree = "<group>"; };
/* End PBXFileReference section */

/* Begin PBXFrameworksBuildPhase section */
		9B80F4EB2984BC6E008E86D4 /* Frameworks */ = {
			isa = PBXFrameworksBuildPhase;
			buildActionMask = 2147483647;
			files = (
				B088D48213D74F4AB3A9B2F2 /* Pods_LineLogin.framework in Frameworks */,
			);
			runOnlyForDeploymentPostprocessing = 0;
		};
/* End PBXFrameworksBuildPhase section */

/* Begin PBXGroup section */
		0A1181945139339AB05CA399 /* Frameworks */ = {
			isa = PBXGroup;
			children = (
				5D04A661C7A1916F593BE43D /* Pods_LineLogin.framework */,
			);
			name = Frameworks;
			sourceTree = "<group>";
		};
		9B80F4E52984BC6E008E86D4 = {
			isa = PBXGroup;
			children = (
				9B80F4F02984BC6E008E86D4 /* LineLogin */,
				9B80F4EF2984BC6E008E86D4 /* Products */,
				9B868BFC31B6D4A0ADF5341D /* Pods */,
				0A1181945139339AB05CA399 /* Frameworks */,
			);
			sourceTree = "<group>";
		};
		9B80F4EF2984BC6E008E86D4 /* Products */ = {
			isa = PBXGroup;
			children = (
				9B80F4EE2984BC6E008E86D4 /* LineLogin.app */,
			);
			name = Products;
			sourceTree = "<group>";
		};
		9B80F4F02984BC6E008E86D4 /* LineLogin */ = {
			isa = PBXGroup;
			children = (
				9B80F4F12984BC6E008E86D4 /* AppDelegate.h */,
				9B80F4F22984BC6E008E86D4 /* AppDelegate.m */,
				9B80F4F42984BC6E008E86D4 /* SceneDelegate.h */,
				9B80F4F52984BC6E008E86D4 /* SceneDelegate.m */,
				9B80F4F72984BC6E008E86D4 /* ViewController.h */,
				9B80F4F82984BC6E008E86D4 /* ViewController.m */,
				9B80F50B2984BD47008E86D4 /* LineLogin.swift */,
				9B80F4FA2984BC6E008E86D4 /* Main.storyboard */,
				9B80F4FD2984BC6F008E86D4 /* Assets.xcassets */,
				9B80F4FF2984BC6F008E86D4 /* LaunchScreen.storyboard */,
				9B80F5022984BC6F008E86D4 /* Info.plist */,
				9B80F5032984BC6F008E86D4 /* main.m */,
				9B80F50A2984BD47008E86D4 /* LineLogin-Bridging-Header.h */,
			);
			path = LineLogin;
			sourceTree = "<group>";
		};
		9B868BFC31B6D4A0ADF5341D /* Pods */ = {
			isa = PBXGroup;
			children = (
				098DA2ABA536B2D7869A29E0 /* Pods-LineLogin.debug.xcconfig */,
				7B0A644C3B36D88C5B0A2C9F /* Pods-LineLogin.release.xcconfig */,
			);
			path = Pods;
			sourceTree = "<group>";
		};
/* End PBXGroup section */

/* Begin PBXNativeTarget section */
		9B80F4ED2984BC6E008E86D4 /* LineLogin */ = {
			isa = PBXNativeTarget;
			buildConfigurationList = 9B80F5072984BC6F008E86D4 /* Build configuration list for PBXNativeTarget "LineLogin" */;
			buildPhases = (
				559C08D324A68040D0C9F3BB /* [CP] Check Pods Manifest.lock */,
				9B80F4EA2984BC6E008E86D4 /* Sources */,
				9B80F4EB2984BC6E008E86D4 /* Frameworks */,
				9B80F4EC2984BC6E008E86D4 /* Resources */,
				4D45E274C26F4694893859CB /* [CP] Embed Pods Frameworks */,
			);
			buildRules = (
			);
			dependencies = (
			);
			name = LineLogin;
			productName = LineLogin;
			productReference = 9B80F4EE2984BC6E008E86D4 /* LineLogin.app */;
			productType = "com.apple.product-type.application";
		};
/* End PBXNativeTarget section */

/* Begin PBXProject section */
		9B80F4E62984BC6E008E86D4 /* Project object */ = {
			isa = PBXProject;
			attributes = {
				BuildIndependentTargetsInParallel = 1;
				LastUpgradeCheck = 1340;
				TargetAttributes = {
					9B80F4ED2984BC6E008E86D4 = {
						CreatedOnToolsVersion = 13.4.1;
						LastSwiftMigration = 1340;
					};
				};
			};
			buildConfigurationList = 9B80F4E92984BC6E008E86D4 /* Build configuration list for PBXProject "LineLogin" */;
			compatibilityVersion = "Xcode 13.0";
			developmentRegion = en;
			hasScannedForEncodings = 0;
			knownRegions = (
				en,
				Base,
			);
			mainGroup = 9B80F4E52984BC6E008E86D4;
			productRefGroup = 9B80F4EF2984BC6E008E86D4 /* Products */;
			projectDirPath = "";
			projectRoot = "";
			targets = (
				9B80F4ED2984BC6E008E86D4 /* LineLogin */,
			);
		};
/* End PBXProject section */

/* Begin PBXResourcesBuildPhase section */
		9B80F4EC2984BC6E008E86D4 /* Resources */ = {
			isa = PBXResourcesBuildPhase;
			buildActionMask = 2147483647;
			files = (
				9B80F5012984BC6F008E86D4 /* LaunchScreen.storyboard in Resources */,
				9B80F4FE2984BC6F008E86D4 /* Assets.xcassets in Resources */,
				9B80F4FC2984BC6E008E86D4 /* Main.storyboard in Resources */,
			);
			runOnlyForDeploymentPostprocessing = 0;
		};
/* End PBXResourcesBuildPhase section */

/* Begin PBXShellScriptBuildPhase section */
		4D45E274C26F4694893859CB /* [CP] Embed Pods Frameworks */ = {
			isa = PBXShellScriptBuildPhase;
			buildActionMask = 2147483647;
			files = (
			);
			inputFileListPaths = (
				"${PODS_ROOT}/Target Support Files/Pods-LineLogin/Pods-LineLogin-frameworks-${CONFIGURATION}-input-files.xcfilelist",
			);
			name = "[CP] Embed Pods Frameworks";
			outputFileListPaths = (
				"${PODS_ROOT}/Target Support Files/Pods-LineLogin/Pods-LineLogin-frameworks-${CONFIGURATION}-output-files.xcfilelist",
			);
			runOnlyForDeploymentPostprocessing = 0;
			shellPath = /bin/sh;
			shellScript = "\"${PODS_ROOT}/Target Support Files/Pods-LineLogin/Pods-LineLogin-frameworks.sh\"\n";
			showEnvVarsInLog = 0;
		};
		559C08D324A68040D0C9F3BB /* [CP] Check Pods Manifest.lock */ = {
			isa = PBXShellScriptBuildPhase;
			buildActionMask = 2147483647;
			files = (
			);
			inputFileListPaths = (
			);
			inputPaths = (
				"${PODS_PODFILE_DIR_PATH}/Podfile.lock",
				"${PODS_ROOT}/Manifest.lock",
			);
			name = "[CP] Check Pods Manifest.lock";
			outputFileListPaths = (
			);
			outputPaths = (
				"$(DERIVED_FILE_DIR)/Pods-LineLogin-checkManifestLockResult.txt",
			);
			runOnlyForDeploymentPostprocessing = 0;
			shellPath = /bin/sh;
			shellScript = "diff \"${PODS_PODFILE_DIR_PATH}/Podfile.lock\" \"${PODS_ROOT}/Manifest.lock\" > /dev/null\nif [ $? != 0 ] ; then\n    # print error to STDERR\n    echo \"error: The sandbox is not in sync with the Podfile.lock. Run 'pod install' or update your CocoaPods installation.\" >&2\n    exit 1\nfi\n# This output is used by Xcode 'outputs' to avoid re-running this script phase.\necho \"SUCCESS\" > \"${SCRIPT_OUTPUT_FILE_0}\"\n";
			showEnvVarsInLog = 0;
		};
/* End PBXShellScriptBuildPhase section */

/* Begin PBXSourcesBuildPhase section */
		9B80F4EA2984BC6E008E86D4 /* Sources */ = {
			isa = PBXSourcesBuildPhase;
			buildActionMask = 2147483647;
			files = (
				9B80F50C2984BD47008E86D4 /* LineLogin.swift in Sources */,
				9B80F4F92984BC6E008E86D4 /* ViewController.m in Sources */,
				9B80F4F32984BC6E008E86D4 /* AppDelegate.m in Sources */,
				9B80F5042984BC6F008E86D4 /* main.m in Sources */,
				9B80F4F62984BC6E008E86D4 /* SceneDelegate.m in Sources */,
			);
			runOnlyForDeploymentPostprocessing = 0;
		};
/* End PBXSourcesBuildPhase section */

/* Begin PBXVariantGroup section */
		9B80F4FA2984BC6E008E86D4 /* Main.storyboard */ = {
			isa = PBXVariantGroup;
			children = (
				9B80F4FB2984BC6E008E86D4 /* Base */,
			);
			name = Main.storyboard;
			sourceTree = "<group>";
		};
		9B80F4FF2984BC6F008E86D4 /* LaunchScreen.storyboard */ = {
			isa = PBXVariantGroup;
			children = (
				9B80F5002984BC6F008E86D4 /* Base */,
			);
			name = LaunchScreen.storyboard;
			sourceTree = "<group>";
		};
/* End PBXVariantGroup section */

/* Begin XCBuildConfiguration section */
		9B80F5052984BC6F008E86D4 /* Debug */ = {
			isa = XCBuildConfiguration;
			buildSettings = {
				ALWAYS_SEARCH_USER_PATHS = NO;
				CLANG_ANALYZER_NONNULL = YES;
				CLANG_ANALYZER_NUMBER_OBJECT_CONVERSION = YES_AGGRESSIVE;
				CLANG_CXX_LANGUAGE_STANDARD = "gnu++17";
				CLANG_ENABLE_MODULES = YES;
				CLANG_ENABLE_OBJC_ARC = YES;
				CLANG_ENABLE_OBJC_WEAK = YES;
				CLANG_WARN_BLOCK_CAPTURE_AUTORELEASING = YES;
				CLANG_WARN_BOOL_CONVERSION = YES;
				CLANG_WARN_COMMA = YES;
				CLANG_WARN_CONSTANT_CONVERSION = YES;
				CLANG_WARN_DEPRECATED_OBJC_IMPLEMENTATIONS = YES;
				CLANG_WARN_DIRECT_OBJC_ISA_USAGE = YES_ERROR;
				CLANG_WARN_DOCUMENTATION_COMMENTS = YES;
				CLANG_WARN_EMPTY_BODY = YES;
				CLANG_WARN_ENUM_CONVERSION = YES;
				CLANG_WARN_INFINITE_RECURSION = YES;
				CLANG_WARN_INT_CONVERSION = YES;
				CLANG_WARN_NON_LITERAL_NULL_CONVERSION = YES;
				CLANG_WARN_OBJC_IMPLICIT_RETAIN_SELF = YES;
				CLANG_WARN_OBJC_LITERAL_CONVERSION = YES;
				CLANG_WARN_OBJC_ROOT_CLASS = YES_ERROR;
				CLANG_WARN_QUOTED_INCLUDE_IN_FRAMEWORK_HEADER = YES;
				CLANG_WARN_RANGE_LOOP_ANALYSIS = YES;
				CLANG_WARN_STRICT_PROTOTYPES = YES;
				CLANG_WARN_SUSPICIOUS_MOVE = YES;
				CLANG_WARN_UNGUARDED_AVAILABILITY = YES_AGGRESSIVE;
				CLANG_WARN_UNREACHABLE_CODE = YES;
				CLANG_WARN__DUPLICATE_METHOD_MATCH = YES;
				COPY_PHASE_STRIP = NO;
				DEBUG_INFORMATION_FORMAT = dwarf;
				ENABLE_STRICT_OBJC_MSGSEND = YES;
				ENABLE_TESTABILITY = YES;
				GCC_C_LANGUAGE_STANDARD = gnu11;
				GCC_DYNAMIC_NO_PIC = NO;
				GCC_NO_COMMON_BLOCKS = YES;
				GCC_OPTIMIZATION_LEVEL = 0;
				GCC_PREPROCESSOR_DEFINITIONS = (
					"DEBUG=1",
					"$(inherited)",
				);
				GCC_WARN_64_TO_32_BIT_CONVERSION = YES;
				GCC_WARN_ABOUT_RETURN_TYPE = YES_ERROR;
				GCC_WARN_UNDECLARED_SELECTOR = YES;
				GCC_WARN_UNINITIALIZED_AUTOS = YES_AGGRESSIVE;
				GCC_WARN_UNUSED_FUNCTION = YES;
				GCC_WARN_UNUSED_VARIABLE = YES;
				IPHONEOS_DEPLOYMENT_TARGET = 15.5;
				MTL_ENABLE_DEBUG_INFO = INCLUDE_SOURCE;
				MTL_FAST_MATH = YES;
				ONLY_ACTIVE_ARCH = YES;
				SDKROOT = iphoneos;
			};
			name = Debug;
		};
		9B80F5062984BC6F008E86D4 /* Release */ = {
			isa = XCBuildConfiguration;
			buildSettings = {
				ALWAYS_SEARCH_USER_PATHS = NO;
				CLANG_ANALYZER_NONNULL = YES;
				CLANG_ANALYZER_NUMBER_OBJECT_CONVERSION = YES_AGGRESSIVE;
				CLANG_CXX_LANGUAGE_STANDARD = "gnu++17";
				CLANG_ENABLE_MODULES = YES;
				CLANG_ENABLE_OBJC_ARC = YES;
				CLANG_ENABLE_OBJC_WEAK = YES;
				CLANG_WARN_BLOCK_CAPTURE_AUTORELEASING = YES;
				CLANG_WARN_BOOL_CONVERSION = YES;
				CLANG_WARN_COMMA = YES;
				CLANG_WARN_CONSTANT_CONVERSION = YES;
				CLANG_WARN_DEPRECATED_OBJC_IMPLEMENTATIONS = YES;
				CLANG_WARN_DIRECT_OBJC_ISA_USAGE = YES_ERROR;
				CLANG_WARN_DOCUMENTATION_COMMENTS = YES;
				CLANG_WARN_EMPTY_BODY = YES;
				CLANG_WARN_ENUM_CONVERSION = YES;
				CLANG_WARN_INFINITE_RECURSION = YES;
				CLANG_WARN_INT_CONVERSION = YES;
				CLANG_WARN_NON_LITERAL_NULL_CONVERSION = YES;
				CLANG_WARN_OBJC_IMPLICIT_RETAIN_SELF = YES;
				CLANG_WARN_OBJC_LITERAL_CONVERSION = YES;
				CLANG_WARN_OBJC_ROOT_CLASS = YES_ERROR;
				CLANG_WARN_QUOTED_INCLUDE_IN_FRAMEWORK_HEADER = YES;
				CLANG_WARN_RANGE_LOOP_ANALYSIS = YES;
				CLANG_WARN_STRICT_PROTOTYPES = YES;
				CLANG_WARN_SUSPICIOUS_MOVE = YES;
				CLANG_WARN_UNGUARDED_AVAILABILITY = YES_AGGRESSIVE;
				CLANG_WARN_UNREACHABLE_CODE = YES;
				CLANG_WARN__DUPLICATE_METHOD_MATCH = YES;
				COPY_PHASE_STRIP = NO;
				DEBUG_INFORMATION_FORMAT = "dwarf-with-dsym";
				ENABLE_NS_ASSERTIONS = NO;
				ENABLE_STRICT_OBJC_MSGSEND = YES;
				GCC_C_LANGUAGE_STANDARD = gnu11;
				GCC_NO_COMMON_BLOCKS = YES;
				GCC_WARN_64_TO_32_BIT_CONVERSION = YES;
				GCC_WARN_ABOUT_RETURN_TYPE = YES_ERROR;
				GCC_WARN_UNDECLARED_SELECTOR = YES;
				GCC_WARN_UNINITIALIZED_AUTOS = YES_AGGRESSIVE;
				GCC_WARN_UNUSED_FUNCTION = YES;
				GCC_WARN_UNUSED_VARIABLE = YES;
				IPHONEOS_DEPLOYMENT_TARGET = 15.5;
				MTL_ENABLE_DEBUG_INFO = NO;
				MTL_FAST_MATH = YES;
				SDKROOT = iphoneos;
				VALIDATE_PRODUCT = YES;
			};
			name = Release;
		};
		9B80F5082984BC6F008E86D4 /* Debug */ = {
			isa = XCBuildConfiguration;
			baseConfigurationReference = 098DA2ABA536B2D7869A29E0 /* Pods-LineLogin.debug.xcconfig */;
			buildSettings = {
				ASSETCATALOG_COMPILER_APPICON_NAME = AppIcon;
				ASSETCATALOG_COMPILER_GLOBAL_ACCENT_COLOR_NAME = AccentColor;
				CLANG_ENABLE_MODULES = YES;
				CODE_SIGN_STYLE = Automatic;
				CURRENT_PROJECT_VERSION = 1;
				GENERATE_INFOPLIST_FILE = YES;
				INFOPLIST_FILE = LineLogin/Info.plist;
				INFOPLIST_KEY_UIApplicationSupportsIndirectInputEvents = YES;
				INFOPLIST_KEY_UILaunchStoryboardName = LaunchScreen;
				INFOPLIST_KEY_UIMainStoryboardFile = Main;
				INFOPLIST_KEY_UISupportedInterfaceOrientations_iPad = "UIInterfaceOrientationPortrait UIInterfaceOrientationPortraitUpsideDown UIInterfaceOrientationLandscapeLeft UIInterfaceOrientationLandscapeRight";
				INFOPLIST_KEY_UISupportedInterfaceOrientations_iPhone = "UIInterfaceOrientationPortrait UIInterfaceOrientationLandscapeLeft UIInterfaceOrientationLandscapeRight";
				LD_RUNPATH_SEARCH_PATHS = (
					"$(inherited)",
					"@executable_path/Frameworks",
				);
				MARKETING_VERSION = 1.0;
				PRODUCT_BUNDLE_IDENTIFIER = com.demo.abc.LineLogin;
				PRODUCT_NAME = "$(TARGET_NAME)";
				SWIFT_EMIT_LOC_STRINGS = YES;
				SWIFT_OBJC_BRIDGING_HEADER = "LineLogin/LineLogin-Bridging-Header.h";
				SWIFT_OPTIMIZATION_LEVEL = "-Onone";
				SWIFT_VERSION = 5.0;
				TARGETED_DEVICE_FAMILY = "1,2";
			};
			name = Debug;
		};
		9B80F5092984BC6F008E86D4 /* Release */ = {
			isa = XCBuildConfiguration;
			baseConfigurationReference = 7B0A644C3B36D88C5B0A2C9F /* Pods-LineLogin.release.xcconfig */;
			buildSettings = {
				ASSETCATALOG_COMPILER_APPICON_NAME = AppIcon;
				ASSETCATALOG_COMPILER_GLOBAL_ACCENT_COLOR_NAME = AccentColor;
				CLANG_ENABLE_MODULES = YES;
				CODE_SIGN_STYLE = Automatic;
				CURRENT_PROJECT_VERSION = 1;
				GENERATE_INFOPLIST_FILE = YES;
				INFOPLIST_FILE = LineLogin/Info.plist;
				INFOPLIST_KEY_UIApplicationSupportsIndirectInputEvents = YES;
				INFOPLIST_KEY_UILaunchStoryboardName = LaunchScreen;
				INFOPLIST_KEY_UIMainStoryboardFile = Main;
				INFOPLIST_KEY_UISupportedInterfaceOrientations_iPad = "UIInterfaceOrientationPortrait UIInterfaceOrientationPortraitUpsideDown UIInterfaceOrientationLandscapeLeft UIInterfaceOrientationLandscapeRight";
				INFOPLIST_KEY_UISupportedInterfaceOrientations_iPhone = "UIInterfaceOrientationPortrait UIInterfaceOrientationLandscapeLeft UIInterfaceOrientationLandscapeRight";
				LD_RUNPATH_SEARCH_PATHS = (
					"$(inherited)",
					"@executable_path/Frameworks",
				);
				MARKETING_VERSION = 1.0;
				PRODUCT_BUNDLE_IDENTIFIER = com.demo.abc.LineLogin;
				PRODUCT_NAME = "$(TARGET_NAME)";
				SWIFT_EMIT_LOC_STRINGS = YES;
				SWIFT_OBJC_BRIDGING_HEADER = "LineLogin/LineLogin-Bridging-Header.h";
				SWIFT_VERSION = 5.0;
				TARGETED_DEVICE_FAMILY = "1,2";
			};
			name = Release;
		};
/* End XCBuildConfiguration section */

/* Begin XCConfigurationList section */
		9B80F4E92984BC6E008E86D4 /* Build configuration list for PBXProject "LineLogin" */ = {
			isa = XCConfigurationList;
			buildConfigurations = (
				9B80F5052984BC6F008E86D4 /* Debug */,
				9B80F5062984BC6F008E86D4 /* Release */,
			);
			defaultConfigurationIsVisible = 0;
			defaultConfigurationName = Release;
		};
		9B80F5072984BC6F008E86D4 /* Build configuration list for PBXNativeTarget "LineLogin" */ = {
			isa = XCConfigurationList;
			buildConfigurations = (
				9B80F5082984BC6F008E86D4 /* Debug */,
				9B80F5092984BC6F008E86D4 /* Release */,
			);
			defaultConfigurationIsVisible = 0;
			defaultConfigurationName = Release;
		};
/* End XCConfigurationList section */
	};
	rootObject = 9B80F4E62984BC6E008E86D4 /* Project object */;
}
